
Microsoft Visual Studio Solution File, Format Version 12.00
# Visual Studio Version 17
VisualStudioVersion = 17.9.34902.65
MinimumVisualStudioVersion = 10.0.40219.1
Project("{FAE04EC0-301F-11D3-BF4B-00C04F79EFBC}") = "JwtAuthAspNetWebAPI", "JwtAuthAspNetWebAPI\JwtAuthAspNetWebAPI.csproj", "{7ABE5642-B809-4D33-AC4F-7B922BD4EB88}"
EndProject
Global
	GlobalSection(SolutionConfigurationPlatforms) = preSolution
		Debug|Any CPU = Debug|Any CPU
		Release|Any CPU = Release|Any CPU
	EndGlobalSection
	GlobalSection(ProjectConfigurationPlatforms) = postSolution
		{7ABE5642-B809-4D33-AC4F-7B922BD4EB88}.Debug|Any CPU.ActiveCfg = Debug|Any CPU
		{7ABE5642-B809-4D33-AC4F-7B922BD4EB88}.Debug|Any CPU.Build.0 = Debug|Any CPU
		{7ABE5642-B809-4D33-AC4F-7B922BD4EB88}.Release|Any CPU.ActiveCfg = Release|Any CPU
		{7ABE5642-B809-4D33-AC4F-7B922BD4EB88}.Release|Any CPU.Build.0 = Release|Any CPU
	EndGlobalSection
	GlobalSection(SolutionProperties) = preSolution
		HideSolutionNode = FALSE
	EndGlobalSection
	GlobalSection(ExtensibilityGlobals) = postSolution
		SolutionGuid = {367D4AE6-4C82-4103-9B6C-49DF867D7BE1}
	EndGlobalSection
EndGlobal
